
Microsoft Visual Studio Solution File, Format Version 12.00
# Visual Studio Version 17
VisualStudioVersion = 17.0.32112.339
MinimumVisualStudioVersion = 10.0.40219.1
Project("{FAE04EC0-301F-11D3-BF4B-00C04F79EFBC}") = "VisualizadorEventos", "VisualizadorEventos\VisualizadorEventos.csproj", "{28AA6E96-D972-4995-A910-9C8C2B61D7E9}"
EndProject
Global
	GlobalSection(SolutionConfigurationPlatforms) = preSolution
		Debug|Any CPU = Debug|Any CPU
		Release|Any CPU = Release|Any CPU
	EndGlobalSection
	GlobalSection(ProjectConfigurationPlatforms) = postSolution
		{28AA6E96-D972-4995-A910-9C8C2B61D7E9}.Debug|Any CPU.ActiveCfg = Debug|Any CPU
		{28AA6E96-D972-4995-A910-9C8C2B61D7E9}.Debug|Any CPU.Build.0 = Debug|Any CPU
		{28AA6E96-D972-4995-A910-9C8C2B61D7E9}.Release|Any CPU.ActiveCfg = Release|Any CPU
		{28AA6E96-D972-4995-A910-9C8C2B61D7E9}.Release|Any CPU.Build.0 = Release|Any CPU
	EndGlobalSection
	GlobalSection(SolutionProperties) = preSolution
		HideSolutionNode = FALSE
	EndGlobalSection
	GlobalSection(ExtensibilityGlobals) = postSolution
		SolutionGuid = {CEBBCBD5-A64E-4F46-8666-80B590BCCD0C}
	EndGlobalSection
EndGlobal
